{
  "version": 4,
  "terraform_version": "0.14.2",
  "serial": 307,
  "lineage": "34d66537-413a-61cc-0819-efefe3c77efd",
  "outputs": {},
  "resources": [
    {
      "module": "module.toh-azure",
      "mode": "managed",
      "type": "azurerm_app_service",
      "name": "backend_app_service",
      "provider": "module.toh-azure.provider[\"registry.terraform.io/hashicorp/azurerm\"]",
      "instances": [
        {
          "schema_version": 0,
          "attributes": {
            "app_service_plan_id": "/subscriptions/1b4b308a-23b5-4c6b-9c8b-c1bfbdde600c/resourceGroups/toh-rg/providers/Microsoft.Web/serverfarms/toh-app-service-plan",
            "app_settings": {},
            "auth_settings": [
              {
                "active_directory": [],
                "additional_login_params": {},
                "allowed_external_redirect_urls": [],
                "default_provider": "",
                "enabled": false,
                "facebook": [],
                "google": [],
                "issuer": "",
                "microsoft": [],
                "runtime_version": "",
                "token_refresh_extension_hours": 0,
                "token_store_enabled": false,
                "twitter": [],
                "unauthenticated_client_action": ""
              }
            ],
            "backup": [],
            "client_affinity_enabled": false,
            "client_cert_enabled": false,
            "connection_string": [],
            "custom_domain_verification_id": "A17EC0EFE2BF6A2ECEB726B3C1B64CB07AE7D733DA337E4E078BD28A969BEAD1",
            "default_site_hostname": "toh-backend-app-service.azurewebsites.net",
            "enabled": true,
            "https_only": false,
            "id": "/subscriptions/1b4b308a-23b5-4c6b-9c8b-c1bfbdde600c/resourceGroups/toh-rg/providers/Microsoft.Web/sites/toh-backend-app-service",
            "identity": [],
            "location": "francecentral",
            "logs": [
              {
                "application_logs": [
                  {
                    "azure_blob_storage": [
                      {
                        "level": "Verbose",
                        "retention_in_days": 3,
                        "sas_url": "https://tohstorage.blob.core.windows.net/toh-log-storage-container/toh-backend-application-log-storage-blob"
                      }
                    ],
                    "file_system_level": "Off"
                  }
                ],
                "detailed_error_messages_enabled": false,
                "failed_request_tracing_enabled": false,
                "http_logs": [
                  {
                    "azure_blob_storage": [
                      {
                        "retention_in_days": 3,
                        "sas_url": "https://tohstorage.blob.core.windows.net/toh-log-storage-container/toh-backend-http-log-storage-blob"
                      }
                    ],
                    "file_system": []
                  }
                ]
              }
            ],
            "name": "toh-backend-app-service",
            "outbound_ip_address_list": [
              "20.40.148.89",
              "20.40.148.122",
              "20.40.148.147",
              "20.40.148.153",
              "20.40.148.178",
              "20.40.148.184",
              "20.43.43.32"
            ],
            "outbound_ip_addresses": "20.40.148.89,20.40.148.122,20.40.148.147,20.40.148.153,20.40.148.178,20.40.148.184,20.43.43.32",
            "possible_outbound_ip_address_list": [
              "20.40.148.89",
              "20.40.148.122",
              "20.40.148.147",
              "20.40.148.153",
              "20.40.148.178",
              "20.40.148.184",
              "20.40.148.188",
              "20.40.148.201",
              "20.40.148.202",
              "20.40.148.207",
              "20.40.148.216",
              "20.40.148.220",
              "20.40.148.224",
              "20.40.148.227",
              "20.40.148.252",
              "20.40.149.13",
              "20.40.149.18",
              "20.40.149.32",
              "20.43.43.32"
            ],
            "possible_outbound_ip_addresses": "20.40.148.89,20.40.148.122,20.40.148.147,20.40.148.153,20.40.148.178,20.40.148.184,20.40.148.188,20.40.148.201,20.40.148.202,20.40.148.207,20.40.148.216,20.40.148.220,20.40.148.224,20.40.148.227,20.40.148.252,20.40.149.13,20.40.149.18,20.40.149.32,20.43.43.32",
            "resource_group_name": "toh-rg",
            "site_config": [
              {
                "always_on": false,
                "app_command_line": "",
                "auto_swap_slot_name": "",
                "cors": [
                  {
                    "allowed_origins": [],
                    "support_credentials": false
                  }
                ],
                "default_documents": [],
                "dotnet_framework_version": "v4.0",
                "ftps_state": "AllAllowed",
                "health_check_path": "",
                "http2_enabled": false,
                "ip_restriction": [
                  {
                    "action": "Allow",
                    "ip_address": "",
                    "name": "Frontend connection",
                    "priority": 1,
                    "service_tag": "",
                    "subnet_id": "/subscriptions/1b4b308a-23b5-4c6b-9c8b-c1bfbdde600c/resourceGroups/toh-rg/providers/Microsoft.Network/virtualNetworks/toh-virtual-network/subnets/toh-frontend-subnet",
                    "virtual_network_subnet_id": "/subscriptions/1b4b308a-23b5-4c6b-9c8b-c1bfbdde600c/resourceGroups/toh-rg/providers/Microsoft.Network/virtualNetworks/toh-virtual-network/subnets/toh-frontend-subnet"
                  }
                ],
                "java_container": "",
                "java_container_version": "",
                "java_version": "",
                "linux_fx_version": "DOCKER|nginx:latest",
                "local_mysql_enabled": false,
                "managed_pipeline_mode": "Integrated",
                "min_tls_version": "1.2",
                "number_of_workers": 1,
                "php_version": "",
                "python_version": "",
                "remote_debugging_enabled": false,
                "remote_debugging_version": "VS2019",
                "scm_ip_restriction": [],
                "scm_type": "None",
                "scm_use_main_ip_restriction": true,
                "use_32_bit_worker_process": false,
                "websockets_enabled": false,
                "windows_fx_version": ""
              }
            ],
            "site_credential": [
              {
                "password": "EzvCh8JoYwXi9vFv2La4X8NsuNSYaxlzQHSxBndxsx2EDnxjoXKkawDhsmrh",
                "username": "$toh-backend-app-service"
              }
            ],
            "source_control": [
              {
                "branch": "master",
                "manual_integration": false,
                "repo_url": "",
                "rollback_enabled": false,
                "use_mercurial": false
              }
            ],
            "storage_account": [],
            "tags": {},
            "timeouts": null
          },
          "sensitive_attributes": [],
          "private": "eyJlMmJmYjczMC1lY2FhLTExZTYtOGY4OC0zNDM2M2JjN2M0YzAiOnsiY3JlYXRlIjoxODAwMDAwMDAwMDAwLCJkZWxldGUiOjE4MDAwMDAwMDAwMDAsInJlYWQiOjMwMDAwMDAwMDAwMCwidXBkYXRlIjoxODAwMDAwMDAwMDAwfX0=",
          "dependencies": [
            "module.toh-azure.azurerm_app_service_plan.app_service_plan",
            "module.toh-azure.azurerm_resource_group.rg",
            "module.toh-azure.azurerm_storage_blob.backend_application_log_storage_blob",
            "module.toh-azure.azurerm_storage_blob.backend_http_log_storage_blob",
            "module.toh-azure.azurerm_subnet.frontend_subnet"
          ]
        }
      ]
    },
    {
      "module": "module.toh-azure",
      "mode": "managed",
      "type": "azurerm_app_service",
      "name": "frontend_app_service",
      "provider": "module.toh-azure.provider[\"registry.terraform.io/hashicorp/azurerm\"]",
      "instances": [
        {
          "schema_version": 0,
          "attributes": {
            "app_service_plan_id": "/subscriptions/1b4b308a-23b5-4c6b-9c8b-c1bfbdde600c/resourceGroups/toh-rg/providers/Microsoft.Web/serverfarms/toh-app-service-plan",
            "app_settings": {},
            "auth_settings": [
              {
                "active_directory": [],
                "additional_login_params": {},
                "allowed_external_redirect_urls": [],
                "default_provider": "",
                "enabled": false,
                "facebook": [],
                "google": [],
                "issuer": "",
                "microsoft": [],
                "runtime_version": "",
                "token_refresh_extension_hours": 0,
                "token_store_enabled": false,
                "twitter": [],
                "unauthenticated_client_action": ""
              }
            ],
            "backup": [],
            "client_affinity_enabled": false,
            "client_cert_enabled": false,
            "connection_string": [],
            "custom_domain_verification_id": "A17EC0EFE2BF6A2ECEB726B3C1B64CB07AE7D733DA337E4E078BD28A969BEAD1",
            "default_site_hostname": "toh-frontend-app-service.azurewebsites.net",
            "enabled": true,
            "https_only": false,
            "id": "/subscriptions/1b4b308a-23b5-4c6b-9c8b-c1bfbdde600c/resourceGroups/toh-rg/providers/Microsoft.Web/sites/toh-frontend-app-service",
            "identity": [],
            "location": "francecentral",
            "logs": [
              {
                "application_logs": [
                  {
                    "azure_blob_storage": [
                      {
                        "level": "Verbose",
                        "retention_in_days": 3,
                        "sas_url": "https://tohstorage.blob.core.windows.net/toh-log-storage-container/toh-frontend-application-log-storage-blob"
                      }
                    ],
                    "file_system_level": "Off"
                  }
                ],
                "detailed_error_messages_enabled": false,
                "failed_request_tracing_enabled": false,
                "http_logs": [
                  {
                    "azure_blob_storage": [
                      {
                        "retention_in_days": 3,
                        "sas_url": "https://tohstorage.blob.core.windows.net/toh-log-storage-container/toh-frontend-http-log-storage-blob"
                      }
                    ],
                    "file_system": []
                  }
                ]
              }
            ],
            "name": "toh-frontend-app-service",
            "outbound_ip_address_list": [
              "20.40.148.89",
              "20.40.148.122",
              "20.40.148.147",
              "20.40.148.153",
              "20.40.148.178",
              "20.40.148.184",
              "20.43.43.32"
            ],
            "outbound_ip_addresses": "20.40.148.89,20.40.148.122,20.40.148.147,20.40.148.153,20.40.148.178,20.40.148.184,20.43.43.32",
            "possible_outbound_ip_address_list": [
              "20.40.148.89",
              "20.40.148.122",
              "20.40.148.147",
              "20.40.148.153",
              "20.40.148.178",
              "20.40.148.184",
              "20.40.148.188",
              "20.40.148.201",
              "20.40.148.202",
              "20.40.148.207",
              "20.40.148.216",
              "20.40.148.220",
              "20.40.148.224",
              "20.40.148.227",
              "20.40.148.252",
              "20.40.149.13",
              "20.40.149.18",
              "20.40.149.32",
              "20.43.43.32"
            ],
            "possible_outbound_ip_addresses": "20.40.148.89,20.40.148.122,20.40.148.147,20.40.148.153,20.40.148.178,20.40.148.184,20.40.148.188,20.40.148.201,20.40.148.202,20.40.148.207,20.40.148.216,20.40.148.220,20.40.148.224,20.40.148.227,20.40.148.252,20.40.149.13,20.40.149.18,20.40.149.32,20.43.43.32",
            "resource_group_name": "toh-rg",
            "site_config": [
              {
                "always_on": false,
                "app_command_line": "",
                "auto_swap_slot_name": "",
                "cors": [
                  {
                    "allowed_origins": [],
                    "support_credentials": false
                  }
                ],
                "default_documents": [],
                "dotnet_framework_version": "v4.0",
                "ftps_state": "AllAllowed",
                "health_check_path": "",
                "http2_enabled": false,
                "ip_restriction": [],
                "java_container": "",
                "java_container_version": "",
                "java_version": "",
                "linux_fx_version": "DOCKER|nginx:latest",
                "local_mysql_enabled": false,
                "managed_pipeline_mode": "Integrated",
                "min_tls_version": "1.2",
                "number_of_workers": 1,
                "php_version": "",
                "python_version": "",
                "remote_debugging_enabled": false,
                "remote_debugging_version": "VS2019",
                "scm_ip_restriction": [],
                "scm_type": "None",
                "scm_use_main_ip_restriction": false,
                "use_32_bit_worker_process": false,
                "websockets_enabled": false,
                "windows_fx_version": ""
              }
            ],
            "site_credential": [
              {
                "password": "zTSr4lheDZNMAY19PsKqjGbJk1nKnecia9KnZuxp9uQoGFkKEnW29A9yswG7",
                "username": "$toh-frontend-app-service"
              }
            ],
            "source_control": [
              {
                "branch": "master",
                "manual_integration": false,
                "repo_url": "",
                "rollback_enabled": false,
                "use_mercurial": false
              }
            ],
            "storage_account": [],
            "tags": {},
            "timeouts": null
          },
          "sensitive_attributes": [],
          "private": "eyJlMmJmYjczMC1lY2FhLTExZTYtOGY4OC0zNDM2M2JjN2M0YzAiOnsiY3JlYXRlIjoxODAwMDAwMDAwMDAwLCJkZWxldGUiOjE4MDAwMDAwMDAwMDAsInJlYWQiOjMwMDAwMDAwMDAwMCwidXBkYXRlIjoxODAwMDAwMDAwMDAwfX0=",
          "dependencies": [
            "module.toh-azure.azurerm_app_service_plan.app_service_plan",
            "module.toh-azure.azurerm_resource_group.rg",
            "module.toh-azure.azurerm_storage_blob.frontend_application_log_storage_blob",
            "module.toh-azure.azurerm_storage_blob.frontend_http_log_storage_blob"
          ]
        }
      ]
    },
    {
      "module": "module.toh-azure",
      "mode": "managed",
      "type": "azurerm_app_service_plan",
      "name": "app_service_plan",
      "provider": "module.toh-azure.provider[\"registry.terraform.io/hashicorp/azurerm\"]",
      "instances": [
        {
          "schema_version": 0,
          "attributes": {
            "app_service_environment_id": "",
            "id": "/subscriptions/1b4b308a-23b5-4c6b-9c8b-c1bfbdde600c/resourceGroups/toh-rg/providers/Microsoft.Web/serverfarms/toh-app-service-plan",
            "is_xenon": false,
            "kind": "linux",
            "location": "francecentral",
            "maximum_elastic_worker_count": 1,
            "maximum_number_of_workers": 10,
            "name": "toh-app-service-plan",
            "per_site_scaling": false,
            "reserved": true,
            "resource_group_name": "toh-rg",
            "sku": [
              {
                "capacity": 1,
                "size": "S1",
                "tier": "Standard"
              }
            ],
            "tags": {},
            "timeouts": null
          },
          "sensitive_attributes": [],
          "private": "eyJlMmJmYjczMC1lY2FhLTExZTYtOGY4OC0zNDM2M2JjN2M0YzAiOnsiY3JlYXRlIjozNjAwMDAwMDAwMDAwLCJkZWxldGUiOjM2MDAwMDAwMDAwMDAsInJlYWQiOjMwMDAwMDAwMDAwMCwidXBkYXRlIjozNjAwMDAwMDAwMDAwfX0=",
          "dependencies": [
            "module.toh-azure.azurerm_resource_group.rg"
          ]
        }
      ]
    },
    {
      "module": "module.toh-azure",
      "mode": "managed",
      "type": "azurerm_app_service_virtual_network_swift_connection",
      "name": "frontend_vnet_connection",
      "provider": "module.toh-azure.provider[\"registry.terraform.io/hashicorp/azurerm\"]",
      "instances": [
        {
          "schema_version": 0,
          "attributes": {
            "app_service_id": "/subscriptions/1b4b308a-23b5-4c6b-9c8b-c1bfbdde600c/resourceGroups/toh-rg/providers/Microsoft.Web/sites/toh-frontend-app-service",
            "id": "/subscriptions/1b4b308a-23b5-4c6b-9c8b-c1bfbdde600c/resourceGroups/toh-rg/providers/Microsoft.Web/sites/toh-frontend-app-service/config/virtualNetwork",
            "subnet_id": "/subscriptions/1b4b308a-23b5-4c6b-9c8b-c1bfbdde600c/resourceGroups/toh-rg/providers/Microsoft.Network/virtualNetworks/toh-virtual-network/subnets/toh-frontend-subnet",
            "timeouts": null
          },
          "sensitive_attributes": [],
          "private": "eyJlMmJmYjczMC1lY2FhLTExZTYtOGY4OC0zNDM2M2JjN2M0YzAiOnsiY3JlYXRlIjoxODAwMDAwMDAwMDAwLCJkZWxldGUiOjE4MDAwMDAwMDAwMDAsInJlYWQiOjMwMDAwMDAwMDAwMCwidXBkYXRlIjoxODAwMDAwMDAwMDAwfX0=",
          "dependencies": [
            "module.toh-azure.azurerm_app_service.frontend_app_service",
            "module.toh-azure.azurerm_app_service_plan.app_service_plan",
            "module.toh-azure.azurerm_resource_group.rg",
            "module.toh-azure.azurerm_storage_account.storage_account",
            "module.toh-azure.azurerm_storage_blob.frontend_application_log_storage_blob",
            "module.toh-azure.azurerm_storage_blob.frontend_http_log_storage_blob",
            "module.toh-azure.azurerm_storage_container.log_storage_container",
            "module.toh-azure.azurerm_subnet.frontend_subnet",
            "module.toh-azure.azurerm_virtual_network.virtual_network"
          ]
        }
      ]
    },
    {
      "module": "module.toh-azure",
      "mode": "managed",
      "type": "azurerm_container_registry",
      "name": "acr",
      "provider": "module.toh-azure.provider[\"registry.terraform.io/hashicorp/azurerm\"]",
      "instances": [
        {
          "schema_version": 2,
          "attributes": {
            "admin_enabled": false,
            "admin_password": "",
            "admin_username": "",
            "georeplication_locations": null,
            "id": "/subscriptions/1b4b308a-23b5-4c6b-9c8b-c1bfbdde600c/resourceGroups/toh-rg/providers/Microsoft.ContainerRegistry/registries/tohacr",
            "location": "francecentral",
            "login_server": "tohacr.azurecr.io",
            "name": "tohacr",
            "network_rule_set": [],
            "resource_group_name": "toh-rg",
            "retention_policy": [
              {
                "days": 7,
                "enabled": false
              }
            ],
            "sku": "Basic",
            "storage_account_id": null,
            "tags": {},
            "timeouts": null,
            "trust_policy": [
              {
                "enabled": false
              }
            ]
          },
          "sensitive_attributes": [],
          "private": "eyJlMmJmYjczMC1lY2FhLTExZTYtOGY4OC0zNDM2M2JjN2M0YzAiOnsiY3JlYXRlIjoxODAwMDAwMDAwMDAwLCJkZWxldGUiOjE4MDAwMDAwMDAwMDAsInJlYWQiOjMwMDAwMDAwMDAwMCwidXBkYXRlIjoxODAwMDAwMDAwMDAwfSwic2NoZW1hX3ZlcnNpb24iOiIyIn0=",
          "dependencies": [
            "module.toh-azure.azurerm_resource_group.rg"
          ]
        }
      ]
    },
    {
      "module": "module.toh-azure",
      "mode": "managed",
      "type": "azurerm_network_security_group",
      "name": "network_security_group",
      "provider": "module.toh-azure.provider[\"registry.terraform.io/hashicorp/azurerm\"]",
      "instances": [
        {
          "schema_version": 0,
          "attributes": {
            "id": "/subscriptions/1b4b308a-23b5-4c6b-9c8b-c1bfbdde600c/resourceGroups/toh-rg/providers/Microsoft.Network/networkSecurityGroups/toh-network-security-group",
            "location": "francecentral",
            "name": "toh-network-security-group",
            "resource_group_name": "toh-rg",
            "security_rule": [],
            "tags": {},
            "timeouts": null
          },
          "sensitive_attributes": [],
          "private": "eyJlMmJmYjczMC1lY2FhLTExZTYtOGY4OC0zNDM2M2JjN2M0YzAiOnsiY3JlYXRlIjoxODAwMDAwMDAwMDAwLCJkZWxldGUiOjE4MDAwMDAwMDAwMDAsInJlYWQiOjMwMDAwMDAwMDAwMCwidXBkYXRlIjoxODAwMDAwMDAwMDAwfX0=",
          "dependencies": [
            "module.toh-azure.azurerm_resource_group.rg"
          ]
        }
      ]
    },
    {
      "module": "module.toh-azure",
      "mode": "managed",
      "type": "azurerm_resource_group",
      "name": "rg",
      "provider": "module.toh-azure.provider[\"registry.terraform.io/hashicorp/azurerm\"]",
      "instances": [
        {
          "schema_version": 0,
          "attributes": {
            "id": "/subscriptions/1b4b308a-23b5-4c6b-9c8b-c1bfbdde600c/resourceGroups/toh-rg",
            "location": "francecentral",
            "name": "toh-rg",
            "tags": {},
            "timeouts": null
          },
          "sensitive_attributes": [],
          "private": "eyJlMmJmYjczMC1lY2FhLTExZTYtOGY4OC0zNDM2M2JjN2M0YzAiOnsiY3JlYXRlIjo1NDAwMDAwMDAwMDAwLCJkZWxldGUiOjU0MDAwMDAwMDAwMDAsInJlYWQiOjMwMDAwMDAwMDAwMCwidXBkYXRlIjo1NDAwMDAwMDAwMDAwfX0="
        }
      ]
    },
    {
      "module": "module.toh-azure",
      "mode": "managed",
      "type": "azurerm_storage_account",
      "name": "storage_account",
      "provider": "module.toh-azure.provider[\"registry.terraform.io/hashicorp/azurerm\"]",
      "instances": [
        {
          "schema_version": 2,
          "attributes": {
            "access_tier": "Hot",
            "account_kind": "StorageV2",
            "account_replication_type": "LRS",
            "account_tier": "Standard",
            "allow_blob_public_access": false,
            "blob_properties": [],
            "custom_domain": [],
            "enable_https_traffic_only": true,
            "id": "/subscriptions/1b4b308a-23b5-4c6b-9c8b-c1bfbdde600c/resourceGroups/toh-rg/providers/Microsoft.Storage/storageAccounts/tohstorage",
            "identity": [],
            "is_hns_enabled": false,
            "large_file_share_enabled": null,
            "location": "francecentral",
            "min_tls_version": "TLS1_0",
            "name": "tohstorage",
            "network_rules": [
              {
                "bypass": [
                  "AzureServices"
                ],
                "default_action": "Allow",
                "ip_rules": [],
                "virtual_network_subnet_ids": []
              }
            ],
            "primary_access_key": "dgiw0QVvm4wMYQnutrvCCfm5RMvYWQRIawWHwAvP8AxWDOblL3Ye56alLb3c5MXqB6TzbkWKPJX7/00eIDZPQQ==",
            "primary_blob_connection_string": "DefaultEndpointsProtocol=https;BlobEndpoint=https://tohstorage.blob.core.windows.net/;AccountName=tohstorage;AccountKey=dgiw0QVvm4wMYQnutrvCCfm5RMvYWQRIawWHwAvP8AxWDOblL3Ye56alLb3c5MXqB6TzbkWKPJX7/00eIDZPQQ==",
            "primary_blob_endpoint": "https://tohstorage.blob.core.windows.net/",
            "primary_blob_host": "tohstorage.blob.core.windows.net",
            "primary_connection_string": "DefaultEndpointsProtocol=https;AccountName=tohstorage;AccountKey=dgiw0QVvm4wMYQnutrvCCfm5RMvYWQRIawWHwAvP8AxWDOblL3Ye56alLb3c5MXqB6TzbkWKPJX7/00eIDZPQQ==;EndpointSuffix=core.windows.net",
            "primary_dfs_endpoint": "https://tohstorage.dfs.core.windows.net/",
            "primary_dfs_host": "tohstorage.dfs.core.windows.net",
            "primary_file_endpoint": "https://tohstorage.file.core.windows.net/",
            "primary_file_host": "tohstorage.file.core.windows.net",
            "primary_location": "francecentral",
            "primary_queue_endpoint": "https://tohstorage.queue.core.windows.net/",
            "primary_queue_host": "tohstorage.queue.core.windows.net",
            "primary_table_endpoint": "https://tohstorage.table.core.windows.net/",
            "primary_table_host": "tohstorage.table.core.windows.net",
            "primary_web_endpoint": "https://tohstorage.z28.web.core.windows.net/",
            "primary_web_host": "tohstorage.z28.web.core.windows.net",
            "queue_properties": [
              {
                "cors_rule": [],
                "hour_metrics": [
                  {
                    "enabled": true,
                    "include_apis": true,
                    "retention_policy_days": 7,
                    "version": "1.0"
                  }
                ],
                "logging": [
                  {
                    "delete": false,
                    "read": false,
                    "retention_policy_days": 0,
                    "version": "1.0",
                    "write": false
                  }
                ],
                "minute_metrics": [
                  {
                    "enabled": false,
                    "include_apis": false,
                    "retention_policy_days": 0,
                    "version": "1.0"
                  }
                ]
              }
            ],
            "resource_group_name": "toh-rg",
            "secondary_access_key": "ADgOGCvX0H9yqpNYC1xryyQ7uRNzs6a0zyYDR9KsZY203TveUSSJwDho4XNaUXGrANS2jUn791wnIo+0T7ji0A==",
            "secondary_blob_connection_string": "",
            "secondary_blob_endpoint": null,
            "secondary_blob_host": null,
            "secondary_connection_string": "DefaultEndpointsProtocol=https;AccountName=tohstorage;AccountKey=ADgOGCvX0H9yqpNYC1xryyQ7uRNzs6a0zyYDR9KsZY203TveUSSJwDho4XNaUXGrANS2jUn791wnIo+0T7ji0A==;EndpointSuffix=core.windows.net",
            "secondary_dfs_endpoint": null,
            "secondary_dfs_host": null,
            "secondary_file_endpoint": null,
            "secondary_file_host": null,
            "secondary_location": "",
            "secondary_queue_endpoint": null,
            "secondary_queue_host": null,
            "secondary_table_endpoint": null,
            "secondary_table_host": null,
            "secondary_web_endpoint": null,
            "secondary_web_host": null,
            "static_website": [],
            "tags": {},
            "timeouts": null
          },
          "sensitive_attributes": [],
          "private": "eyJlMmJmYjczMC1lY2FhLTExZTYtOGY4OC0zNDM2M2JjN2M0YzAiOnsiY3JlYXRlIjozNjAwMDAwMDAwMDAwLCJkZWxldGUiOjM2MDAwMDAwMDAwMDAsInJlYWQiOjMwMDAwMDAwMDAwMCwidXBkYXRlIjozNjAwMDAwMDAwMDAwfSwic2NoZW1hX3ZlcnNpb24iOiIyIn0=",
          "dependencies": [
            "module.toh-azure.azurerm_resource_group.rg"
          ]
        }
      ]
    },
    {
      "module": "module.toh-azure",
      "mode": "managed",
      "type": "azurerm_storage_blob",
      "name": "backend_application_log_storage_blob",
      "provider": "module.toh-azure.provider[\"registry.terraform.io/hashicorp/azurerm\"]",
      "instances": [
        {
          "schema_version": 1,
          "attributes": {
            "access_tier": "Hot",
            "content_md5": "",
            "content_type": "application/octet-stream",
            "id": "https://tohstorage.blob.core.windows.net/toh-log-storage-container/toh-backend-application-log-storage-blob",
            "metadata": {},
            "name": "toh-backend-application-log-storage-blob",
            "parallelism": 8,
            "size": 0,
            "source": null,
            "source_content": null,
            "source_uri": null,
            "storage_account_name": "tohstorage",
            "storage_container_name": "toh-log-storage-container",
            "timeouts": null,
            "type": "Block",
            "url": "https://tohstorage.blob.core.windows.net/toh-log-storage-container/toh-backend-application-log-storage-blob"
          },
          "sensitive_attributes": [],
          "private": "eyJlMmJmYjczMC1lY2FhLTExZTYtOGY4OC0zNDM2M2JjN2M0YzAiOnsiY3JlYXRlIjoxODAwMDAwMDAwMDAwLCJkZWxldGUiOjE4MDAwMDAwMDAwMDAsInJlYWQiOjMwMDAwMDAwMDAwMCwidXBkYXRlIjoxODAwMDAwMDAwMDAwfSwic2NoZW1hX3ZlcnNpb24iOiIxIn0=",
          "dependencies": [
            "module.toh-azure.azurerm_resource_group.rg",
            "module.toh-azure.azurerm_storage_account.storage_account",
            "module.toh-azure.azurerm_storage_container.log_storage_container"
          ]
        }
      ]
    },
    {
      "module": "module.toh-azure",
      "mode": "managed",
      "type": "azurerm_storage_blob",
      "name": "backend_http_log_storage_blob",
      "provider": "module.toh-azure.provider[\"registry.terraform.io/hashicorp/azurerm\"]",
      "instances": [
        {
          "schema_version": 1,
          "attributes": {
            "access_tier": "Hot",
            "content_md5": "",
            "content_type": "application/octet-stream",
            "id": "https://tohstorage.blob.core.windows.net/toh-log-storage-container/toh-backend-http-log-storage-blob",
            "metadata": {},
            "name": "toh-backend-http-log-storage-blob",
            "parallelism": 8,
            "size": 0,
            "source": null,
            "source_content": null,
            "source_uri": null,
            "storage_account_name": "tohstorage",
            "storage_container_name": "toh-log-storage-container",
            "timeouts": null,
            "type": "Block",
            "url": "https://tohstorage.blob.core.windows.net/toh-log-storage-container/toh-backend-http-log-storage-blob"
          },
          "sensitive_attributes": [],
          "private": "eyJlMmJmYjczMC1lY2FhLTExZTYtOGY4OC0zNDM2M2JjN2M0YzAiOnsiY3JlYXRlIjoxODAwMDAwMDAwMDAwLCJkZWxldGUiOjE4MDAwMDAwMDAwMDAsInJlYWQiOjMwMDAwMDAwMDAwMCwidXBkYXRlIjoxODAwMDAwMDAwMDAwfSwic2NoZW1hX3ZlcnNpb24iOiIxIn0=",
          "dependencies": [
            "module.toh-azure.azurerm_resource_group.rg",
            "module.toh-azure.azurerm_storage_account.storage_account",
            "module.toh-azure.azurerm_storage_container.log_storage_container"
          ]
        }
      ]
    },
    {
      "module": "module.toh-azure",
      "mode": "managed",
      "type": "azurerm_storage_blob",
      "name": "frontend_application_log_storage_blob",
      "provider": "module.toh-azure.provider[\"registry.terraform.io/hashicorp/azurerm\"]",
      "instances": [
        {
          "schema_version": 1,
          "attributes": {
            "access_tier": "Hot",
            "content_md5": "",
            "content_type": "application/octet-stream",
            "id": "https://tohstorage.blob.core.windows.net/toh-log-storage-container/toh-frontend-application-log-storage-blob",
            "metadata": {},
            "name": "toh-frontend-application-log-storage-blob",
            "parallelism": 8,
            "size": 0,
            "source": null,
            "source_content": null,
            "source_uri": null,
            "storage_account_name": "tohstorage",
            "storage_container_name": "toh-log-storage-container",
            "timeouts": null,
            "type": "Block",
            "url": "https://tohstorage.blob.core.windows.net/toh-log-storage-container/toh-frontend-application-log-storage-blob"
          },
          "sensitive_attributes": [],
          "private": "eyJlMmJmYjczMC1lY2FhLTExZTYtOGY4OC0zNDM2M2JjN2M0YzAiOnsiY3JlYXRlIjoxODAwMDAwMDAwMDAwLCJkZWxldGUiOjE4MDAwMDAwMDAwMDAsInJlYWQiOjMwMDAwMDAwMDAwMCwidXBkYXRlIjoxODAwMDAwMDAwMDAwfSwic2NoZW1hX3ZlcnNpb24iOiIxIn0=",
          "dependencies": [
            "module.toh-azure.azurerm_resource_group.rg",
            "module.toh-azure.azurerm_storage_account.storage_account",
            "module.toh-azure.azurerm_storage_container.log_storage_container"
          ]
        }
      ]
    },
    {
      "module": "module.toh-azure",
      "mode": "managed",
      "type": "azurerm_storage_blob",
      "name": "frontend_http_log_storage_blob",
      "provider": "module.toh-azure.provider[\"registry.terraform.io/hashicorp/azurerm\"]",
      "instances": [
        {
          "schema_version": 1,
          "attributes": {
            "access_tier": "Hot",
            "content_md5": "",
            "content_type": "application/octet-stream",
            "id": "https://tohstorage.blob.core.windows.net/toh-log-storage-container/toh-frontend-http-log-storage-blob",
            "metadata": {},
            "name": "toh-frontend-http-log-storage-blob",
            "parallelism": 8,
            "size": 0,
            "source": null,
            "source_content": null,
            "source_uri": null,
            "storage_account_name": "tohstorage",
            "storage_container_name": "toh-log-storage-container",
            "timeouts": null,
            "type": "Block",
            "url": "https://tohstorage.blob.core.windows.net/toh-log-storage-container/toh-frontend-http-log-storage-blob"
          },
          "sensitive_attributes": [],
          "private": "eyJlMmJmYjczMC1lY2FhLTExZTYtOGY4OC0zNDM2M2JjN2M0YzAiOnsiY3JlYXRlIjoxODAwMDAwMDAwMDAwLCJkZWxldGUiOjE4MDAwMDAwMDAwMDAsInJlYWQiOjMwMDAwMDAwMDAwMCwidXBkYXRlIjoxODAwMDAwMDAwMDAwfSwic2NoZW1hX3ZlcnNpb24iOiIxIn0=",
          "dependencies": [
            "module.toh-azure.azurerm_resource_group.rg",
            "module.toh-azure.azurerm_storage_account.storage_account",
            "module.toh-azure.azurerm_storage_container.log_storage_container"
          ]
        }
      ]
    },
    {
      "module": "module.toh-azure",
      "mode": "managed",
      "type": "azurerm_storage_container",
      "name": "log_storage_container",
      "provider": "module.toh-azure.provider[\"registry.terraform.io/hashicorp/azurerm\"]",
      "instances": [
        {
          "schema_version": 1,
          "attributes": {
            "container_access_type": "private",
            "has_immutability_policy": false,
            "has_legal_hold": false,
            "id": "https://tohstorage.blob.core.windows.net/toh-log-storage-container",
            "metadata": {},
            "name": "toh-log-storage-container",
            "resource_manager_id": "/subscriptions/1b4b308a-23b5-4c6b-9c8b-c1bfbdde600c/resourceGroups/toh-rg/providers/Microsoft.Storage/storageAccounts/tohstorage/blobServices/default/containers/toh-log-storage-container",
            "storage_account_name": "tohstorage",
            "timeouts": null
          },
          "sensitive_attributes": [],
          "private": "eyJlMmJmYjczMC1lY2FhLTExZTYtOGY4OC0zNDM2M2JjN2M0YzAiOnsiY3JlYXRlIjoxODAwMDAwMDAwMDAwLCJkZWxldGUiOjE4MDAwMDAwMDAwMDAsInJlYWQiOjMwMDAwMDAwMDAwMCwidXBkYXRlIjoxODAwMDAwMDAwMDAwfSwic2NoZW1hX3ZlcnNpb24iOiIxIn0=",
          "dependencies": [
            "module.toh-azure.azurerm_resource_group.rg",
            "module.toh-azure.azurerm_storage_account.storage_account"
          ]
        }
      ]
    },
    {
      "module": "module.toh-azure",
      "mode": "managed",
      "type": "azurerm_subnet",
      "name": "backend_subnet",
      "provider": "module.toh-azure.provider[\"registry.terraform.io/hashicorp/azurerm\"]",
      "instances": [
        {
          "schema_version": 0,
          "attributes": {
            "address_prefix": "10.0.2.0/24",
            "address_prefixes": [
              "10.0.2.0/24"
            ],
            "delegation": [
              {
                "name": "toh-backend-subnet-delegation",
                "service_delegation": [
                  {
                    "actions": [
                      "Microsoft.Network/virtualNetworks/subnets/action"
                    ],
                    "name": "Microsoft.Web/serverFarms"
                  }
                ]
              }
            ],
            "enforce_private_link_endpoint_network_policies": false,
            "enforce_private_link_service_network_policies": false,
            "id": "/subscriptions/1b4b308a-23b5-4c6b-9c8b-c1bfbdde600c/resourceGroups/toh-rg/providers/Microsoft.Network/virtualNetworks/toh-virtual-network/subnets/toh-backend-subnet",
            "name": "toh-backend-subnet",
            "resource_group_name": "toh-rg",
            "service_endpoint_policy_ids": [],
            "service_endpoints": [],
            "timeouts": null,
            "virtual_network_name": "toh-virtual-network"
          },
          "sensitive_attributes": [],
          "private": "eyJlMmJmYjczMC1lY2FhLTExZTYtOGY4OC0zNDM2M2JjN2M0YzAiOnsiY3JlYXRlIjoxODAwMDAwMDAwMDAwLCJkZWxldGUiOjE4MDAwMDAwMDAwMDAsInJlYWQiOjMwMDAwMDAwMDAwMCwidXBkYXRlIjoxODAwMDAwMDAwMDAwfX0=",
          "dependencies": [
            "module.toh-azure.azurerm_resource_group.rg",
            "module.toh-azure.azurerm_virtual_network.virtual_network"
          ]
        }
      ]
    },
    {
      "module": "module.toh-azure",
      "mode": "managed",
      "type": "azurerm_subnet",
      "name": "database_subnet",
      "provider": "module.toh-azure.provider[\"registry.terraform.io/hashicorp/azurerm\"]",
      "instances": [
        {
          "schema_version": 0,
          "attributes": {
            "address_prefix": "10.0.3.0/24",
            "address_prefixes": [
              "10.0.3.0/24"
            ],
            "delegation": [
              {
                "name": "toh-database-subnet-delegation",
                "service_delegation": [
                  {
                    "actions": [
                      "Microsoft.Network/virtualNetworks/subnets/action"
                    ],
                    "name": "Microsoft.Web/serverFarms"
                  }
                ]
              }
            ],
            "enforce_private_link_endpoint_network_policies": false,
            "enforce_private_link_service_network_policies": false,
            "id": "/subscriptions/1b4b308a-23b5-4c6b-9c8b-c1bfbdde600c/resourceGroups/toh-rg/providers/Microsoft.Network/virtualNetworks/toh-virtual-network/subnets/toh-database-subnet",
            "name": "toh-database-subnet",
            "resource_group_name": "toh-rg",
            "service_endpoint_policy_ids": [],
            "service_endpoints": [],
            "timeouts": null,
            "virtual_network_name": "toh-virtual-network"
          },
          "sensitive_attributes": [],
          "private": "eyJlMmJmYjczMC1lY2FhLTExZTYtOGY4OC0zNDM2M2JjN2M0YzAiOnsiY3JlYXRlIjoxODAwMDAwMDAwMDAwLCJkZWxldGUiOjE4MDAwMDAwMDAwMDAsInJlYWQiOjMwMDAwMDAwMDAwMCwidXBkYXRlIjoxODAwMDAwMDAwMDAwfX0=",
          "dependencies": [
            "module.toh-azure.azurerm_resource_group.rg",
            "module.toh-azure.azurerm_virtual_network.virtual_network"
          ]
        }
      ]
    },
    {
      "module": "module.toh-azure",
      "mode": "managed",
      "type": "azurerm_subnet",
      "name": "frontend_subnet",
      "provider": "module.toh-azure.provider[\"registry.terraform.io/hashicorp/azurerm\"]",
      "instances": [
        {
          "schema_version": 0,
          "attributes": {
            "address_prefix": "10.0.1.0/24",
            "address_prefixes": [
              "10.0.1.0/24"
            ],
            "delegation": [
              {
                "name": "toh-frontend-subnet-delegation",
                "service_delegation": [
                  {
                    "actions": [
                      "Microsoft.Network/virtualNetworks/subnets/action"
                    ],
                    "name": "Microsoft.Web/serverFarms"
                  }
                ]
              }
            ],
            "enforce_private_link_endpoint_network_policies": false,
            "enforce_private_link_service_network_policies": false,
            "id": "/subscriptions/1b4b308a-23b5-4c6b-9c8b-c1bfbdde600c/resourceGroups/toh-rg/providers/Microsoft.Network/virtualNetworks/toh-virtual-network/subnets/toh-frontend-subnet",
            "name": "toh-frontend-subnet",
            "resource_group_name": "toh-rg",
            "service_endpoint_policy_ids": [],
            "service_endpoints": [],
            "timeouts": null,
            "virtual_network_name": "toh-virtual-network"
          },
          "sensitive_attributes": [],
          "private": "eyJlMmJmYjczMC1lY2FhLTExZTYtOGY4OC0zNDM2M2JjN2M0YzAiOnsiY3JlYXRlIjoxODAwMDAwMDAwMDAwLCJkZWxldGUiOjE4MDAwMDAwMDAwMDAsInJlYWQiOjMwMDAwMDAwMDAwMCwidXBkYXRlIjoxODAwMDAwMDAwMDAwfX0=",
          "dependencies": [
            "module.toh-azure.azurerm_resource_group.rg",
            "module.toh-azure.azurerm_virtual_network.virtual_network"
          ]
        }
      ]
    },
    {
      "module": "module.toh-azure",
      "mode": "managed",
      "type": "azurerm_virtual_network",
      "name": "virtual_network",
      "provider": "module.toh-azure.provider[\"registry.terraform.io/hashicorp/azurerm\"]",
      "instances": [
        {
          "schema_version": 0,
          "attributes": {
            "address_space": [
              "10.0.0.0/16"
            ],
            "bgp_community": "",
            "ddos_protection_plan": [],
            "dns_servers": [
              "10.0.0.4",
              "10.0.0.5"
            ],
            "guid": "e1768b6c-0a27-4ad0-af75-4643e9a84254",
            "id": "/subscriptions/1b4b308a-23b5-4c6b-9c8b-c1bfbdde600c/resourceGroups/toh-rg/providers/Microsoft.Network/virtualNetworks/toh-virtual-network",
            "location": "francecentral",
            "name": "toh-virtual-network",
            "resource_group_name": "toh-rg",
            "subnet": [
              {
                "address_prefix": "10.0.1.0/24",
                "id": "/subscriptions/1b4b308a-23b5-4c6b-9c8b-c1bfbdde600c/resourceGroups/toh-rg/providers/Microsoft.Network/virtualNetworks/toh-virtual-network/subnets/toh-frontend-subnet",
                "name": "toh-frontend-subnet",
                "security_group": ""
              },
              {
                "address_prefix": "10.0.2.0/24",
                "id": "/subscriptions/1b4b308a-23b5-4c6b-9c8b-c1bfbdde600c/resourceGroups/toh-rg/providers/Microsoft.Network/virtualNetworks/toh-virtual-network/subnets/toh-backend-subnet",
                "name": "toh-backend-subnet",
                "security_group": ""
              },
              {
                "address_prefix": "10.0.3.0/24",
                "id": "/subscriptions/1b4b308a-23b5-4c6b-9c8b-c1bfbdde600c/resourceGroups/toh-rg/providers/Microsoft.Network/virtualNetworks/toh-virtual-network/subnets/toh-database-subnet",
                "name": "toh-database-subnet",
                "security_group": ""
              }
            ],
            "tags": {
              "environment": "Developpement"
            },
            "timeouts": null,
            "vm_protection_enabled": false
          },
          "sensitive_attributes": [],
          "private": "eyJlMmJmYjczMC1lY2FhLTExZTYtOGY4OC0zNDM2M2JjN2M0YzAiOnsiY3JlYXRlIjoxODAwMDAwMDAwMDAwLCJkZWxldGUiOjE4MDAwMDAwMDAwMDAsInJlYWQiOjMwMDAwMDAwMDAwMCwidXBkYXRlIjoxODAwMDAwMDAwMDAwfX0=",
          "dependencies": [
            "module.toh-azure.azurerm_resource_group.rg"
          ]
        }
      ]
    }
  ]
}
